// !$*UTF8*$!
{
	archiveVersion = 1;
	classes = {
	};
	objectVersion = 50;
	objects = {

/* Begin PBXBuildFile section */
		81C9A7BB23FF13E000E7F9C2 /* SessionsCollectionViewController.swift in Sources */ = {isa = PBXBuildFile; fileRef = 81C9A7BA23FF13E000E7F9C2 /* SessionsCollectionViewController.swift */; };
		9184ED2123F6E01F00FB898C /* AppDelegate.swift in Sources */ = {isa = PBXBuildFile; fileRef = 9184ED2023F6E01F00FB898C /* AppDelegate.swift */; };
		9184ED2323F6E01F00FB898C /* SceneDelegate.swift in Sources */ = {isa = PBXBuildFile; fileRef = 9184ED2223F6E01F00FB898C /* SceneDelegate.swift */; };
		9184ED2A23F6E01F00FB898C /* Main.storyboard in Resources */ = {isa = PBXBuildFile; fileRef = 9184ED2823F6E01F00FB898C /* Main.storyboard */; };
		9184ED2D23F6E01F00FB898C /* Study_Buddy.xcdatamodeld in Sources */ = {isa = PBXBuildFile; fileRef = 9184ED2B23F6E01F00FB898C /* Study_Buddy.xcdatamodeld */; };
		9184ED2F23F6E02000FB898C /* Assets.xcassets in Resources */ = {isa = PBXBuildFile; fileRef = 9184ED2E23F6E02000FB898C /* Assets.xcassets */; };
		9184ED3223F6E02000FB898C /* LaunchScreen.storyboard in Resources */ = {isa = PBXBuildFile; fileRef = 9184ED3023F6E02000FB898C /* LaunchScreen.storyboard */; };
/* End PBXBuildFile section */

/* Begin PBXFileReference section */
		81C9A7BA23FF13E000E7F9C2 /* SessionsCollectionViewController.swift */ = {isa = PBXFileReference; lastKnownFileType = sourcecode.swift; path = SessionsCollectionViewController.swift; sourceTree = "<group>"; };
		9184ED1D23F6E01F00FB898C /* Study Buddy.app */ = {isa = PBXFileReference; explicitFileType = wrapper.application; includeInIndex = 0; path = "Study Buddy.app"; sourceTree = BUILT_PRODUCTS_DIR; };
		9184ED2023F6E01F00FB898C /* AppDelegate.swift */ = {isa = PBXFileReference; lastKnownFileType = sourcecode.swift; path = AppDelegate.swift; sourceTree = "<group>"; };
		9184ED2223F6E01F00FB898C /* SceneDelegate.swift */ = {isa = PBXFileReference; lastKnownFileType = sourcecode.swift; path = SceneDelegate.swift; sourceTree = "<group>"; };
		9184ED2923F6E01F00FB898C /* Base */ = {isa = PBXFileReference; lastKnownFileType = file.storyboard; name = Base; path = Base.lproj/Main.storyboard; sourceTree = "<group>"; };
		9184ED2C23F6E01F00FB898C /* Study_Buddy.xcdatamodel */ = {isa = PBXFileReference; lastKnownFileType = wrapper.xcdatamodel; path = Study_Buddy.xcdatamodel; sourceTree = "<group>"; };
		9184ED2E23F6E02000FB898C /* Assets.xcassets */ = {isa = PBXFileReference; lastKnownFileType = folder.assetcatalog; path = Assets.xcassets; sourceTree = "<group>"; };
		9184ED3123F6E02000FB898C /* Base */ = {isa = PBXFileReference; lastKnownFileType = file.storyboard; name = Base; path = Base.lproj/LaunchScreen.storyboard; sourceTree = "<group>"; };
		9184ED3323F6E02000FB898C /* Info.plist */ = {isa = PBXFileReference; lastKnownFileType = text.plist.xml; path = Info.plist; sourceTree = "<group>"; };
/* End PBXFileReference section */

/* Begin PBXFrameworksBuildPhase section */
		9184ED1A23F6E01F00FB898C /* Frameworks */ = {
			isa = PBXFrameworksBuildPhase;
			buildActionMask = 2147483647;
			files = (
			);
			runOnlyForDeploymentPostprocessing = 0;
		};
/* End PBXFrameworksBuildPhase section */

/* Begin PBXGroup section */
		9184ED1423F6E01F00FB898C = {
			isa = PBXGroup;
			children = (
				9184ED1F23F6E01F00FB898C /* Study Buddy */,
				9184ED1E23F6E01F00FB898C /* Products */,
			);
			sourceTree = "<group>";
		};
		9184ED1E23F6E01F00FB898C /* Products */ = {
			isa = PBXGroup;
			children = (
				9184ED1D23F6E01F00FB898C /* Study Buddy.app */,
			);
			name = Products;
			sourceTree = "<group>";
		};
		9184ED1F23F6E01F00FB898C /* Study Buddy */ = {
			isa = PBXGroup;
			children = (
				9184ED2023F6E01F00FB898C /* AppDelegate.swift */,
				9184ED2223F6E01F00FB898C /* SceneDelegate.swift */,
				81C9A7BA23FF13E000E7F9C2 /* SessionsCollectionViewController.swift */,
				9184ED2823F6E01F00FB898C /* Main.storyboard */,
				9184ED2E23F6E02000FB898C /* Assets.xcassets */,
				9184ED3023F6E02000FB898C /* LaunchScreen.storyboard */,
				9184ED3323F6E02000FB898C /* Info.plist */,
				9184ED2B23F6E01F00FB898C /* Study_Buddy.xcdatamodeld */,
			);
			path = "Study Buddy";
			sourceTree = "<group>";
		};
/* End PBXGroup section */

/* Begin PBXNativeTarget section */
		9184ED1C23F6E01F00FB898C /* Study Buddy */ = {
			isa = PBXNativeTarget;
			buildConfigurationList = 9184ED3623F6E02000FB898C /* Build configuration list for PBXNativeTarget "Study Buddy" */;
			buildPhases = (
				9184ED1923F6E01F00FB898C /* Sources */,
				9184ED1A23F6E01F00FB898C /* Frameworks */,
				9184ED1B23F6E01F00FB898C /* Resources */,
			);
			buildRules = (
			);
			dependencies = (
			);
			name = "Study Buddy";
			productName = "Study Buddy";
			productReference = 9184ED1D23F6E01F00FB898C /* Study Buddy.app */;
			productType = "com.apple.product-type.application";
		};
/* End PBXNativeTarget section */

/* Begin PBXProject section */
		9184ED1523F6E01F00FB898C /* Project object */ = {
			isa = PBXProject;
			attributes = {
				LastSwiftUpdateCheck = 1130;
				LastUpgradeCheck = 1130;
				ORGANIZATIONNAME = Scrubs;
				TargetAttributes = {
					9184ED1C23F6E01F00FB898C = {
						CreatedOnToolsVersion = 11.3.1;
					};
				};
			};
			buildConfigurationList = 9184ED1823F6E01F00FB898C /* Build configuration list for PBXProject "Study Buddy" */;
			compatibilityVersion = "Xcode 9.3";
			developmentRegion = en;
			hasScannedForEncodings = 0;
			knownRegions = (
				en,
				Base,
			);
			mainGroup = 9184ED1423F6E01F00FB898C;
			productRefGroup = 9184ED1E23F6E01F00FB898C /* Products */;
			projectDirPath = "";
			projectRoot = "";
			targets = (
				9184ED1C23F6E01F00FB898C /* Study Buddy */,
			);
		};
/* End PBXProject section */

/* Begin PBXResourcesBuildPhase section */
		9184ED1B23F6E01F00FB898C /* Resources */ = {
			isa = PBXResourcesBuildPhase;
			buildActionMask = 2147483647;
			files = (
				9184ED3223F6E02000FB898C /* LaunchScreen.storyboard in Resources */,
				9184ED2F23F6E02000FB898C /* Assets.xcassets in Resources */,
				9184ED2A23F6E01F00FB898C /* Main.storyboard in Resources */,
			);
			runOnlyForDeploymentPostprocessing = 0;
		};
/* End PBXResourcesBuildPhase section */

/* Begin PBXSourcesBuildPhase section */
		9184ED1923F6E01F00FB898C /* Sources */ = {
			isa = PBXSourcesBuildPhase;
			buildActionMask = 2147483647;
			files = (
				9184ED2D23F6E01F00FB898C /* Study_Buddy.xcdatamodeld in Sources */,
				81C9A7BB23FF13E000E7F9C2 /* SessionsCollectionViewController.swift in Sources */,
				9184ED2123F6E01F00FB898C /* AppDelegate.swift in Sources */,
				9184ED2323F6E01F00FB898C /* SceneDelegate.swift in Sources */,
			);
			runOnlyForDeploymentPostprocessing = 0;
		};
/* End PBXSourcesBuildPhase section */

/* Begin PBXVariantGroup section */
		9184ED2823F6E01F00FB898C /* Main.storyboard */ = {
			isa = PBXVariantGroup;
			children = (
				9184ED2923F6E01F00FB898C /* Base */,
			);
			name = Main.storyboard;
			sourceTree = "<group>";
		};
		9184ED3023F6E02000FB898C /* LaunchScreen.storyboard */ = {
			isa = PBXVariantGroup;
			children = (
				9184ED3123F6E02000FB898C /* Base */,
			);
			name = LaunchScreen.storyboard;
			sourceTree = "<group>";
		};
/* End PBXVariantGroup section */

/* Begin XCBuildConfiguration section */
		9184ED3423F6E02000FB898C /* Debug */ = {
			isa = XCBuildConfiguration;
			buildSettings = {
				ALWAYS_SEARCH_USER_PATHS = NO;
				CLANG_ANALYZER_NONNULL = YES;
				CLANG_ANALYZER_NUMBER_OBJECT_CONVERSION = YES_AGGRESSIVE;
				CLANG_CXX_LANGUAGE_STANDARD = "gnu++14";
				CLANG_CXX_LIBRARY = "libc++";
				CLANG_ENABLE_MODULES = YES;
				CLANG_ENABLE_OBJC_ARC = YES;
				CLANG_ENABLE_OBJC_WEAK = YES;
				CLANG_WARN_BLOCK_CAPTURE_AUTORELEASING = YES;
				CLANG_WARN_BOOL_CONVERSION = YES;
				CLANG_WARN_COMMA = YES;
				CLANG_WARN_CONSTANT_CONVERSION = YES;
				CLANG_WARN_DEPRECATED_OBJC_IMPLEMENTATIONS = YES;
				CLANG_WARN_DIRECT_OBJC_ISA_USAGE = YES_ERROR;
				CLANG_WARN_DOCUMENTATION_COMMENTS = YES;
				CLANG_WARN_EMPTY_BODY = YES;
				CLANG_WARN_ENUM_CONVERSION = YES;
				CLANG_WARN_INFINITE_RECURSION = YES;
				CLANG_WARN_INT_CONVERSION = YES;
				CLANG_WARN_NON_LITERAL_NULL_CONVERSION = YES;
				CLANG_WARN_OBJC_IMPLICIT_RETAIN_SELF = YES;
				CLANG_WARN_OBJC_LITERAL_CONVERSION = YES;
				CLANG_WARN_OBJC_ROOT_CLASS = YES_ERROR;
				CLANG_WARN_RANGE_LOOP_ANALYSIS = YES;
				CLANG_WARN_STRICT_PROTOTYPES = YES;
				CLANG_WARN_SUSPICIOUS_MOVE = YES;
				CLANG_WARN_UNGUARDED_AVAILABILITY = YES_AGGRESSIVE;
				CLANG_WARN_UNREACHABLE_CODE = YES;
				CLANG_WARN__DUPLICATE_METHOD_MATCH = YES;
				COPY_PHASE_STRIP = NO;
				DEBUG_INFORMATION_FORMAT = dwarf;
				ENABLE_STRICT_OBJC_MSGSEND = YES;
				ENABLE_TESTABILITY = YES;
				GCC_C_LANGUAGE_STANDARD = gnu11;
				GCC_DYNAMIC_NO_PIC = NO;
				GCC_NO_COMMON_BLOCKS = YES;
				GCC_OPTIMIZATION_LEVEL = 0;
				GCC_PREPROCESSOR_DEFINITIONS = (
					"DEBUG=1",
					"$(inherited)",
				);
				GCC_WARN_64_TO_32_BIT_CONVERSION = YES;
				GCC_WARN_ABOUT_RETURN_TYPE = YES_ERROR;
				GCC_WARN_UNDECLARED_SELECTOR = YES;
				GCC_WARN_UNINITIALIZED_AUTOS = YES_AGGRESSIVE;
				GCC_WARN_UNUSED_FUNCTION = YES;
				GCC_WARN_UNUSED_VARIABLE = YES;
				IPHONEOS_DEPLOYMENT_TARGET = 13.2;
				MTL_ENABLE_DEBUG_INFO = INCLUDE_SOURCE;
				MTL_FAST_MATH = YES;
				ONLY_ACTIVE_ARCH = YES;
				SDKROOT = iphoneos;
				SWIFT_ACTIVE_COMPILATION_CONDITIONS = DEBUG;
				SWIFT_OPTIMIZATION_LEVEL = "-Onone";
			};
			name = Debug;
		};
		9184ED3523F6E02000FB898C /* Release */ = {
			isa = XCBuildConfiguration;
			buildSettings = {
				ALWAYS_SEARCH_USER_PATHS = NO;
				CLANG_ANALYZER_NONNULL = YES;
				CLANG_ANALYZER_NUMBER_OBJECT_CONVERSION = YES_AGGRESSIVE;
				CLANG_CXX_LANGUAGE_STANDARD = "gnu++14";
				CLANG_CXX_LIBRARY = "libc++";
				CLANG_ENABLE_MODULES = YES;
				CLANG_ENABLE_OBJC_ARC = YES;
				CLANG_ENABLE_OBJC_WEAK = YES;
				CLANG_WARN_BLOCK_CAPTURE_AUTORELEASING = YES;
				CLANG_WARN_BOOL_CONVERSION = YES;
				CLANG_WARN_COMMA = YES;
				CLANG_WARN_CONSTANT_CONVERSION = YES;
				CLANG_WARN_DEPRECATED_OBJC_IMPLEMENTATIONS = YES;
				CLANG_WARN_DIRECT_OBJC_ISA_USAGE = YES_ERROR;
				CLANG_WARN_DOCUMENTATION_COMMENTS = YES;
				CLANG_WARN_EMPTY_BODY = YES;
				CLANG_WARN_ENUM_CONVERSION = YES;
				CLANG_WARN_INFINITE_RECURSION = YES;
				CLANG_WARN_INT_CONVERSION = YES;
				CLANG_WARN_NON_LITERAL_NULL_CONVERSION = YES;
				CLANG_WARN_OBJC_IMPLICIT_RETAIN_SELF = YES;
				CLANG_WARN_OBJC_LITERAL_CONVERSION = YES;
				CLANG_WARN_OBJC_ROOT_CLASS = YES_ERROR;
				CLANG_WARN_RANGE_LOOP_ANALYSIS = YES;
				CLANG_WARN_STRICT_PROTOTYPES = YES;
				CLANG_WARN_SUSPICIOUS_MOVE = YES;
				CLANG_WARN_UNGUARDED_AVAILABILITY = YES_AGGRESSIVE;
				CLANG_WARN_UNREACHABLE_CODE = YES;
				CLANG_WARN__DUPLICATE_METHOD_MATCH = YES;
				COPY_PHASE_STRIP = NO;
				DEBUG_INFORMATION_FORMAT = "dwarf-with-dsym";
				ENABLE_NS_ASSERTIONS = NO;
				ENABLE_STRICT_OBJC_MSGSEND = YES;
				GCC_C_LANGUAGE_STANDARD = gnu11;
				GCC_NO_COMMON_BLOCKS = YES;
				GCC_WARN_64_TO_32_BIT_CONVERSION = YES;
				GCC_WARN_ABOUT_RETURN_TYPE = YES_ERROR;
				GCC_WARN_UNDECLARED_SELECTOR = YES;
				GCC_WARN_UNINITIALIZED_AUTOS = YES_AGGRESSIVE;
				GCC_WARN_UNUSED_FUNCTION = YES;
				GCC_WARN_UNUSED_VARIABLE = YES;
				IPHONEOS_DEPLOYMENT_TARGET = 13.2;
				MTL_ENABLE_DEBUG_INFO = NO;
				MTL_FAST_MATH = YES;
				SDKROOT = iphoneos;
				SWIFT_COMPILATION_MODE = wholemodule;
				SWIFT_OPTIMIZATION_LEVEL = "-O";
				VALIDATE_PRODUCT = YES;
			};
			name = Release;
		};
		9184ED3723F6E02000FB898C /* Debug */ = {
			isa = XCBuildConfiguration;
			buildSettings = {
				ASSETCATALOG_COMPILER_APPICON_NAME = AppIcon;
				CODE_SIGN_STYLE = Automatic;
				DEVELOPMENT_TEAM = SAFG2GFCLK;
				INFOPLIST_FILE = "Study Buddy/Info.plist";
				LD_RUNPATH_SEARCH_PATHS = (
					"$(inherited)",
					"@executable_path/Frameworks",
				);
				PRODUCT_BUNDLE_IDENTIFIER = "Scrubs.Study-Buddy";
				PRODUCT_NAME = "$(TARGET_NAME)";
				SWIFT_VERSION = 5.0;
				TARGETED_DEVICE_FAMILY = "1,2";
			};
			name = Debug;
		};
		9184ED3823F6E02000FB898C /* Release */ = {
			isa = XCBuildConfiguration;
			buildSettings = {
				ASSETCATALOG_COMPILER_APPICON_NAME = AppIcon;
				CODE_SIGN_STYLE = Automatic;
				DEVELOPMENT_TEAM = SAFG2GFCLK;
				INFOPLIST_FILE = "Study Buddy/Info.plist";
				LD_RUNPATH_SEARCH_PATHS = (
					"$(inherited)",
					"@executable_path/Frameworks",
				);
				PRODUCT_BUNDLE_IDENTIFIER = "Scrubs.Study-Buddy";
				PRODUCT_NAME = "$(TARGET_NAME)";
				SWIFT_VERSION = 5.0;
				TARGETED_DEVICE_FAMILY = "1,2";
			};
			name = Release;
		};
/* End XCBuildConfiguration section */

/* Begin XCConfigurationList section */
		9184ED1823F6E01F00FB898C /* Build configuration list for PBXProject "Study Buddy" */ = {
			isa = XCConfigurationList;
			buildConfigurations = (
				9184ED3423F6E02000FB898C /* Debug */,
				9184ED3523F6E02000FB898C /* Release */,
			);
			defaultConfigurationIsVisible = 0;
			defaultConfigurationName = Release;
		};
		9184ED3623F6E02000FB898C /* Build configuration list for PBXNativeTarget "Study Buddy" */ = {
			isa = XCConfigurationList;
			buildConfigurations = (
				9184ED3723F6E02000FB898C /* Debug */,
				9184ED3823F6E02000FB898C /* Release */,
			);
			defaultConfigurationIsVisible = 0;
			defaultConfigurationName = Release;
		};
/* End XCConfigurationList section */

/* Begin XCVersionGroup section */
		9184ED2B23F6E01F00FB898C /* Study_Buddy.xcdatamodeld */ = {
			isa = XCVersionGroup;
			children = (
				9184ED2C23F6E01F00FB898C /* Study_Buddy.xcdatamodel */,
			);
			currentVersion = 9184ED2C23F6E01F00FB898C /* Study_Buddy.xcdatamodel */;
			path = Study_Buddy.xcdatamodeld;
			sourceTree = "<group>";
			versionGroupType = wrapper.xcdatamodel;
		};
/* End XCVersionGroup section */
	};
	rootObject = 9184ED1523F6E01F00FB898C /* Project object */;
}
